
Microsoft Visual Studio Solution File, Format Version 11.00
# Visual Studio 2010
Project("{8BC9CEB8-8B4A-11D0-8D11-00A0C91BC942}") = "1.1.1 - Your Ride Is Here", "1.1.1 - Your Ride Is Here\1.1.1 - Your Ride Is Here.vcxproj", "{CECA5E93-AC12-40F3-8CC8-A56129842EBF}"
EndProject
Project("{8BC9CEB8-8B4A-11D0-8D11-00A0C91BC942}") = "1.1.2 - Greedy Gift Givers", "1.1.2 - Greedy Gift Givers\1.1.2 - Greedy Gift Givers.vcxproj", "{05F2269B-CCCE-4846-A05D-3DEF41766517}"
EndProject
Project("{8BC9CEB8-8B4A-11D0-8D11-00A0C91BC942}") = "1.1.3 - Friday the Thirteenth", "1.1.3 - Friday the Thirteenth\1.1.3 - Friday the Thirteenth.vcxproj", "{3AE556A5-BB4D-4516-A8B5-67D38A059992}"
EndProject
Project("{8BC9CEB8-8B4A-11D0-8D11-00A0C91BC942}") = "1.1.4 - Broken Necklace", "1.1.4 - Broken Necklace\1.1.4 - Broken Necklace.vcxproj", "{749B3354-0446-4E9F-8661-E4A0F5C86720}"
EndProject
Project("{2150E333-8FDC-42A3-9474-1A3956D46DE8}") = "1.1", "1.1", "{A4BE56D2-FFF7-4859-852A-B02C627F112E}"
EndProject
Project("{2150E333-8FDC-42A3-9474-1A3956D46DE8}") = "1.2", "1.2", "{8D70276B-15A7-4725-817E-3C85CA86C914}"
EndProject
Project("{8BC9CEB8-8B4A-11D0-8D11-00A0C91BC942}") = "1.2.1 - Milking Cows", "1.2.1 - Milking Cows\1.2.1 - Milking Cows.vcxproj", "{D59CE9D5-6B2A-42E1-B4B2-DF50CD753268}"
EndProject
Project("{8BC9CEB8-8B4A-11D0-8D11-00A0C91BC942}") = "1.2.2 - Transformations", "1.2.2 - Transformations\1.2.2 - Transformations.vcxproj", "{A68D69C7-63AE-4FE8-8125-C0F8E48F8123}"
EndProject
Project("{8BC9CEB8-8B4A-11D0-8D11-00A0C91BC942}") = "1.2.3 - Name That Number", "1.2.3 - Name That Number\1.2.3 - Name That Number.vcxproj", "{4E670587-C255-4316-91D2-25E34BD9096C}"
EndProject
Global
	GlobalSection(SolutionConfigurationPlatforms) = preSolution
		Debug|Win32 = Debug|Win32
		Release|Win32 = Release|Win32
	EndGlobalSection
	GlobalSection(ProjectConfigurationPlatforms) = postSolution
		{CECA5E93-AC12-40F3-8CC8-A56129842EBF}.Debug|Win32.ActiveCfg = Debug|Win32
		{CECA5E93-AC12-40F3-8CC8-A56129842EBF}.Debug|Win32.Build.0 = Debug|Win32
		{CECA5E93-AC12-40F3-8CC8-A56129842EBF}.Release|Win32.ActiveCfg = Release|Win32
		{CECA5E93-AC12-40F3-8CC8-A56129842EBF}.Release|Win32.Build.0 = Release|Win32
		{05F2269B-CCCE-4846-A05D-3DEF41766517}.Debug|Win32.ActiveCfg = Debug|Win32
		{05F2269B-CCCE-4846-A05D-3DEF41766517}.Debug|Win32.Build.0 = Debug|Win32
		{05F2269B-CCCE-4846-A05D-3DEF41766517}.Release|Win32.ActiveCfg = Release|Win32
		{05F2269B-CCCE-4846-A05D-3DEF41766517}.Release|Win32.Build.0 = Release|Win32
		{3AE556A5-BB4D-4516-A8B5-67D38A059992}.Debug|Win32.ActiveCfg = Debug|Win32
		{3AE556A5-BB4D-4516-A8B5-67D38A059992}.Debug|Win32.Build.0 = Debug|Win32
		{3AE556A5-BB4D-4516-A8B5-67D38A059992}.Release|Win32.ActiveCfg = Release|Win32
		{3AE556A5-BB4D-4516-A8B5-67D38A059992}.Release|Win32.Build.0 = Release|Win32
		{749B3354-0446-4E9F-8661-E4A0F5C86720}.Debug|Win32.ActiveCfg = Debug|Win32
		{749B3354-0446-4E9F-8661-E4A0F5C86720}.Debug|Win32.Build.0 = Debug|Win32
		{749B3354-0446-4E9F-8661-E4A0F5C86720}.Release|Win32.ActiveCfg = Release|Win32
		{749B3354-0446-4E9F-8661-E4A0F5C86720}.Release|Win32.Build.0 = Release|Win32
		{D59CE9D5-6B2A-42E1-B4B2-DF50CD753268}.Debug|Win32.ActiveCfg = Debug|Win32
		{D59CE9D5-6B2A-42E1-B4B2-DF50CD753268}.Debug|Win32.Build.0 = Debug|Win32
		{D59CE9D5-6B2A-42E1-B4B2-DF50CD753268}.Release|Win32.ActiveCfg = Release|Win32
		{D59CE9D5-6B2A-42E1-B4B2-DF50CD753268}.Release|Win32.Build.0 = Release|Win32
		{A68D69C7-63AE-4FE8-8125-C0F8E48F8123}.Debug|Win32.ActiveCfg = Debug|Win32
		{A68D69C7-63AE-4FE8-8125-C0F8E48F8123}.Debug|Win32.Build.0 = Debug|Win32
		{A68D69C7-63AE-4FE8-8125-C0F8E48F8123}.Release|Win32.ActiveCfg = Release|Win32
		{A68D69C7-63AE-4FE8-8125-C0F8E48F8123}.Release|Win32.Build.0 = Release|Win32
		{4E670587-C255-4316-91D2-25E34BD9096C}.Debug|Win32.ActiveCfg = Debug|Win32
		{4E670587-C255-4316-91D2-25E34BD9096C}.Debug|Win32.Build.0 = Debug|Win32
		{4E670587-C255-4316-91D2-25E34BD9096C}.Release|Win32.ActiveCfg = Release|Win32
		{4E670587-C255-4316-91D2-25E34BD9096C}.Release|Win32.Build.0 = Release|Win32
	EndGlobalSection
	GlobalSection(SolutionProperties) = preSolution
		HideSolutionNode = FALSE
	EndGlobalSection
	GlobalSection(NestedProjects) = preSolution
		{05F2269B-CCCE-4846-A05D-3DEF41766517} = {A4BE56D2-FFF7-4859-852A-B02C627F112E}
		{3AE556A5-BB4D-4516-A8B5-67D38A059992} = {A4BE56D2-FFF7-4859-852A-B02C627F112E}
		{749B3354-0446-4E9F-8661-E4A0F5C86720} = {A4BE56D2-FFF7-4859-852A-B02C627F112E}
		{CECA5E93-AC12-40F3-8CC8-A56129842EBF} = {A4BE56D2-FFF7-4859-852A-B02C627F112E}
		{D59CE9D5-6B2A-42E1-B4B2-DF50CD753268} = {8D70276B-15A7-4725-817E-3C85CA86C914}
		{A68D69C7-63AE-4FE8-8125-C0F8E48F8123} = {8D70276B-15A7-4725-817E-3C85CA86C914}
		{4E670587-C255-4316-91D2-25E34BD9096C} = {8D70276B-15A7-4725-817E-3C85CA86C914}
	EndGlobalSection
EndGlobal
