
Microsoft Visual Studio Solution File, Format Version 11.00
# Visual Studio 2010
Project("{8BC9CEB8-8B4A-11D0-8D11-00A0C91BC942}") = "1.1.1 - Your Ride Is Here", "1.1.1 - Your Ride Is Here\1.1.1 - Your Ride Is Here.vcxproj", "{CECA5E93-AC12-40F3-8CC8-A56129842EBF}"
EndProject
Project("{8BC9CEB8-8B4A-11D0-8D11-00A0C91BC942}") = "1.1.2 - Greedy Gift Givers", "1.1.2 - Greedy Gift Givers\1.1.2 - Greedy Gift Givers.vcxproj", "{05F2269B-CCCE-4846-A05D-3DEF41766517}"
EndProject
Project("{8BC9CEB8-8B4A-11D0-8D11-00A0C91BC942}") = "1.1.3 - Friday the Thirteenth", "1.1.3 - Friday the Thirteenth\1.1.3 - Friday the Thirteenth.vcxproj", "{3AE556A5-BB4D-4516-A8B5-67D38A059992}"
EndProject
Project("{8BC9CEB8-8B4A-11D0-8D11-00A0C91BC942}") = "1.1.4 - Broken Necklace", "1.1.4 - Broken Necklace\1.1.4 - Broken Necklace.vcxproj", "{749B3354-0446-4E9F-8661-E4A0F5C86720}"
EndProject
Project("{2150E333-8FDC-42A3-9474-1A3956D46DE8}") = "1.1", "1.1", "{A4BE56D2-FFF7-4859-852A-B02C627F112E}"
EndProject
Project("{2150E333-8FDC-42A3-9474-1A3956D46DE8}") = "1.2", "1.2", "{8D70276B-15A7-4725-817E-3C85CA86C914}"
EndProject
Project("{8BC9CEB8-8B4A-11D0-8D11-00A0C91BC942}") = "1.2.1 - Milking Cows", "1.2.1 - Milking Cows\1.2.1 - Milking Cows.vcxproj", "{D59CE9D5-6B2A-42E1-B4B2-DF50CD753268}"
EndProject
Project("{8BC9CEB8-8B4A-11D0-8D11-00A0C91BC942}") = "1.2.2 - Transformations", "1.2.2 - Transformations\1.2.2 - Transformations.vcxproj", "{A68D69C7-63AE-4FE8-8125-C0F8E48F8123}"
EndProject
Project("{8BC9CEB8-8B4A-11D0-8D11-00A0C91BC942}") = "1.2.3 - Name That Number", "1.2.3 - Name That Number\1.2.3 - Name That Number.vcxproj", "{4E670587-C255-4316-91D2-25E34BD9096C}"
EndProject
Project("{8BC9CEB8-8B4A-11D0-8D11-00A0C91BC942}") = "1.2.4 - Palindromic Squares", "1.2.4 - Palindromic Squares\1.2.4 - Palindromic Squares.vcxproj", "{B2AAC51D-ABE8-4D21-971F-50DBE28B7433}"
EndProject
Project("{8BC9CEB8-8B4A-11D0-8D11-00A0C91BC942}") = "1.2.5 - Dual Palindromes", "1.2.5 - Dual Palindromes\1.2.5 - Dual Palindromes.vcxproj", "{6DE3DE39-F072-4581-9E29-8F585364DDA1}"
EndProject
Project("{2150E333-8FDC-42A3-9474-1A3956D46DE8}") = "1.3", "1.3", "{934832BF-9EA8-4903-ABA9-7003A1E8C494}"
EndProject
Project("{8BC9CEB8-8B4A-11D0-8D11-00A0C91BC942}") = "1.3.1 - Mixing Milk", "1.3.1 - Mixing Milk\1.3.1 - Mixing Milk.vcxproj", "{68F84478-B1C3-494C-9F2D-FD2FC7FB1A27}"
EndProject
Project("{8BC9CEB8-8B4A-11D0-8D11-00A0C91BC942}") = "1.3.2 - Barn Repair", "1.3.2 - Barn Repair\1.3.2 - Barn Repair.vcxproj", "{C0EA22E2-4892-49BA-86D5-AFC41B54E2D2}"
EndProject
Project("{8BC9CEB8-8B4A-11D0-8D11-00A0C91BC942}") = "1.3.3 - Calf Flac", "1.3.3 - Calf Flac\1.3.3 - Calf Flac.vcxproj", "{E65BB52B-31C1-4817-B6B9-C764BC7D631A}"
EndProject
Project("{8BC9CEB8-8B4A-11D0-8D11-00A0C91BC942}") = "1.3.4 - Prime Cryptarithm", "1.3.4 - Prime Cryptarithm\1.3.4 - Prime Cryptarithm.vcxproj", "{ADB0A54B-D56F-4B40-85EE-7271478C15DA}"
EndProject
Project("{8BC9CEB8-8B4A-11D0-8D11-00A0C91BC942}") = "1.4.1 - Packing Rectangles", "1.4.1 - Packing Rectangles\1.4.1 - Packing Rectangles.vcxproj", "{7EA2ACB2-FD88-4CBD-8694-78912EA05919}"
EndProject
Project("{2150E333-8FDC-42A3-9474-1A3956D46DE8}") = "1.4", "1.4", "{1DE01A51-252E-45BF-967C-688FB9367D5C}"
EndProject
Project("{8BC9CEB8-8B4A-11D0-8D11-00A0C91BC942}") = "1.4.2 - The Clocks", "1.4.2 - The Clocks\1.4.2 - The Clocks.vcxproj", "{40D1C696-EA12-4E11-A649-31416DB15848}"
EndProject
Project("{8BC9CEB8-8B4A-11D0-8D11-00A0C91BC942}") = "1.4.3 - Arithmetic Progressions", "1.4.3 - Arithmetic Progressions\1.4.3 - Arithmetic Progressions.vcxproj", "{A93D5340-6B31-45D7-BE9A-6A91583514F4}"
EndProject
Project("{8BC9CEB8-8B4A-11D0-8D11-00A0C91BC942}") = "1.4.4. - Mothers Milk", "1.4.4. - Mothers Milk\1.4.4. - Mothers Milk.vcxproj", "{85553A84-02F2-496D-A9A6-E6649166C3D2}"
EndProject
Project("{2150E333-8FDC-42A3-9474-1A3956D46DE8}") = "1.5", "1.5", "{D503434D-139A-4686-A7BD-BF39B6B7B198}"
EndProject
Project("{8BC9CEB8-8B4A-11D0-8D11-00A0C91BC942}") = "1.5.1 - Number Triangles", "1.5.1 - Number Triangles\1.5.1 - Number Triangles.vcxproj", "{49C8A239-8194-48F1-9794-902C29714F4B}"
EndProject
Project("{8BC9CEB8-8B4A-11D0-8D11-00A0C91BC942}") = "1.5.2 - Prime Palindromes", "1.5.2 - Prime Palindromes\1.5.2 - Prime Palindromes.vcxproj", "{465CECC3-7505-42B2-A408-269CB9164E12}"
EndProject
Project("{8BC9CEB8-8B4A-11D0-8D11-00A0C91BC942}") = "1.5.3 - Superprime Rib", "1.5.3 - Superprime Rib\1.5.3 - Superprime Rib.vcxproj", "{2E5D7531-3E73-46A9-A41A-3933CF8EB7CE}"
EndProject
Project("{8BC9CEB8-8B4A-11D0-8D11-00A0C91BC942}") = "1.5.4 - Checker Challenge", "1.5.4 - Checker Challenge\1.5.4 - Checker Challenge.vcxproj", "{5E5F918F-3AEB-4310-A3E3-69B1C8D2F330}"
EndProject
Global
	GlobalSection(SolutionConfigurationPlatforms) = preSolution
		Debug|Win32 = Debug|Win32
		Release|Win32 = Release|Win32
	EndGlobalSection
	GlobalSection(ProjectConfigurationPlatforms) = postSolution
		{CECA5E93-AC12-40F3-8CC8-A56129842EBF}.Debug|Win32.ActiveCfg = Debug|Win32
		{CECA5E93-AC12-40F3-8CC8-A56129842EBF}.Debug|Win32.Build.0 = Debug|Win32
		{CECA5E93-AC12-40F3-8CC8-A56129842EBF}.Release|Win32.ActiveCfg = Release|Win32
		{CECA5E93-AC12-40F3-8CC8-A56129842EBF}.Release|Win32.Build.0 = Release|Win32
		{05F2269B-CCCE-4846-A05D-3DEF41766517}.Debug|Win32.ActiveCfg = Debug|Win32
		{05F2269B-CCCE-4846-A05D-3DEF41766517}.Debug|Win32.Build.0 = Debug|Win32
		{05F2269B-CCCE-4846-A05D-3DEF41766517}.Release|Win32.ActiveCfg = Release|Win32
		{05F2269B-CCCE-4846-A05D-3DEF41766517}.Release|Win32.Build.0 = Release|Win32
		{3AE556A5-BB4D-4516-A8B5-67D38A059992}.Debug|Win32.ActiveCfg = Debug|Win32
		{3AE556A5-BB4D-4516-A8B5-67D38A059992}.Debug|Win32.Build.0 = Debug|Win32
		{3AE556A5-BB4D-4516-A8B5-67D38A059992}.Release|Win32.ActiveCfg = Release|Win32
		{3AE556A5-BB4D-4516-A8B5-67D38A059992}.Release|Win32.Build.0 = Release|Win32
		{749B3354-0446-4E9F-8661-E4A0F5C86720}.Debug|Win32.ActiveCfg = Debug|Win32
		{749B3354-0446-4E9F-8661-E4A0F5C86720}.Debug|Win32.Build.0 = Debug|Win32
		{749B3354-0446-4E9F-8661-E4A0F5C86720}.Release|Win32.ActiveCfg = Release|Win32
		{749B3354-0446-4E9F-8661-E4A0F5C86720}.Release|Win32.Build.0 = Release|Win32
		{D59CE9D5-6B2A-42E1-B4B2-DF50CD753268}.Debug|Win32.ActiveCfg = Debug|Win32
		{D59CE9D5-6B2A-42E1-B4B2-DF50CD753268}.Debug|Win32.Build.0 = Debug|Win32
		{D59CE9D5-6B2A-42E1-B4B2-DF50CD753268}.Release|Win32.ActiveCfg = Release|Win32
		{D59CE9D5-6B2A-42E1-B4B2-DF50CD753268}.Release|Win32.Build.0 = Release|Win32
		{A68D69C7-63AE-4FE8-8125-C0F8E48F8123}.Debug|Win32.ActiveCfg = Debug|Win32
		{A68D69C7-63AE-4FE8-8125-C0F8E48F8123}.Debug|Win32.Build.0 = Debug|Win32
		{A68D69C7-63AE-4FE8-8125-C0F8E48F8123}.Release|Win32.ActiveCfg = Release|Win32
		{A68D69C7-63AE-4FE8-8125-C0F8E48F8123}.Release|Win32.Build.0 = Release|Win32
		{4E670587-C255-4316-91D2-25E34BD9096C}.Debug|Win32.ActiveCfg = Debug|Win32
		{4E670587-C255-4316-91D2-25E34BD9096C}.Debug|Win32.Build.0 = Debug|Win32
		{4E670587-C255-4316-91D2-25E34BD9096C}.Release|Win32.ActiveCfg = Release|Win32
		{4E670587-C255-4316-91D2-25E34BD9096C}.Release|Win32.Build.0 = Release|Win32
		{B2AAC51D-ABE8-4D21-971F-50DBE28B7433}.Debug|Win32.ActiveCfg = Debug|Win32
		{B2AAC51D-ABE8-4D21-971F-50DBE28B7433}.Debug|Win32.Build.0 = Debug|Win32
		{B2AAC51D-ABE8-4D21-971F-50DBE28B7433}.Release|Win32.ActiveCfg = Release|Win32
		{B2AAC51D-ABE8-4D21-971F-50DBE28B7433}.Release|Win32.Build.0 = Release|Win32
		{6DE3DE39-F072-4581-9E29-8F585364DDA1}.Debug|Win32.ActiveCfg = Debug|Win32
		{6DE3DE39-F072-4581-9E29-8F585364DDA1}.Debug|Win32.Build.0 = Debug|Win32
		{6DE3DE39-F072-4581-9E29-8F585364DDA1}.Release|Win32.ActiveCfg = Release|Win32
		{6DE3DE39-F072-4581-9E29-8F585364DDA1}.Release|Win32.Build.0 = Release|Win32
		{68F84478-B1C3-494C-9F2D-FD2FC7FB1A27}.Debug|Win32.ActiveCfg = Debug|Win32
		{68F84478-B1C3-494C-9F2D-FD2FC7FB1A27}.Debug|Win32.Build.0 = Debug|Win32
		{68F84478-B1C3-494C-9F2D-FD2FC7FB1A27}.Release|Win32.ActiveCfg = Release|Win32
		{68F84478-B1C3-494C-9F2D-FD2FC7FB1A27}.Release|Win32.Build.0 = Release|Win32
		{C0EA22E2-4892-49BA-86D5-AFC41B54E2D2}.Debug|Win32.ActiveCfg = Debug|Win32
		{C0EA22E2-4892-49BA-86D5-AFC41B54E2D2}.Debug|Win32.Build.0 = Debug|Win32
		{C0EA22E2-4892-49BA-86D5-AFC41B54E2D2}.Release|Win32.ActiveCfg = Release|Win32
		{C0EA22E2-4892-49BA-86D5-AFC41B54E2D2}.Release|Win32.Build.0 = Release|Win32
		{E65BB52B-31C1-4817-B6B9-C764BC7D631A}.Debug|Win32.ActiveCfg = Debug|Win32
		{E65BB52B-31C1-4817-B6B9-C764BC7D631A}.Debug|Win32.Build.0 = Debug|Win32
		{E65BB52B-31C1-4817-B6B9-C764BC7D631A}.Release|Win32.ActiveCfg = Release|Win32
		{E65BB52B-31C1-4817-B6B9-C764BC7D631A}.Release|Win32.Build.0 = Release|Win32
		{ADB0A54B-D56F-4B40-85EE-7271478C15DA}.Debug|Win32.ActiveCfg = Debug|Win32
		{ADB0A54B-D56F-4B40-85EE-7271478C15DA}.Debug|Win32.Build.0 = Debug|Win32
		{ADB0A54B-D56F-4B40-85EE-7271478C15DA}.Release|Win32.ActiveCfg = Release|Win32
		{ADB0A54B-D56F-4B40-85EE-7271478C15DA}.Release|Win32.Build.0 = Release|Win32
		{7EA2ACB2-FD88-4CBD-8694-78912EA05919}.Debug|Win32.ActiveCfg = Debug|Win32
		{7EA2ACB2-FD88-4CBD-8694-78912EA05919}.Debug|Win32.Build.0 = Debug|Win32
		{7EA2ACB2-FD88-4CBD-8694-78912EA05919}.Release|Win32.ActiveCfg = Release|Win32
		{7EA2ACB2-FD88-4CBD-8694-78912EA05919}.Release|Win32.Build.0 = Release|Win32
		{40D1C696-EA12-4E11-A649-31416DB15848}.Debug|Win32.ActiveCfg = Debug|Win32
		{40D1C696-EA12-4E11-A649-31416DB15848}.Debug|Win32.Build.0 = Debug|Win32
		{40D1C696-EA12-4E11-A649-31416DB15848}.Release|Win32.ActiveCfg = Release|Win32
		{40D1C696-EA12-4E11-A649-31416DB15848}.Release|Win32.Build.0 = Release|Win32
		{A93D5340-6B31-45D7-BE9A-6A91583514F4}.Debug|Win32.ActiveCfg = Debug|Win32
		{A93D5340-6B31-45D7-BE9A-6A91583514F4}.Debug|Win32.Build.0 = Debug|Win32
		{A93D5340-6B31-45D7-BE9A-6A91583514F4}.Release|Win32.ActiveCfg = Release|Win32
		{A93D5340-6B31-45D7-BE9A-6A91583514F4}.Release|Win32.Build.0 = Release|Win32
		{85553A84-02F2-496D-A9A6-E6649166C3D2}.Debug|Win32.ActiveCfg = Debug|Win32
		{85553A84-02F2-496D-A9A6-E6649166C3D2}.Debug|Win32.Build.0 = Debug|Win32
		{85553A84-02F2-496D-A9A6-E6649166C3D2}.Release|Win32.ActiveCfg = Release|Win32
		{85553A84-02F2-496D-A9A6-E6649166C3D2}.Release|Win32.Build.0 = Release|Win32
		{49C8A239-8194-48F1-9794-902C29714F4B}.Debug|Win32.ActiveCfg = Debug|Win32
		{49C8A239-8194-48F1-9794-902C29714F4B}.Debug|Win32.Build.0 = Debug|Win32
		{49C8A239-8194-48F1-9794-902C29714F4B}.Release|Win32.ActiveCfg = Release|Win32
		{49C8A239-8194-48F1-9794-902C29714F4B}.Release|Win32.Build.0 = Release|Win32
		{465CECC3-7505-42B2-A408-269CB9164E12}.Debug|Win32.ActiveCfg = Debug|Win32
		{465CECC3-7505-42B2-A408-269CB9164E12}.Debug|Win32.Build.0 = Debug|Win32
		{465CECC3-7505-42B2-A408-269CB9164E12}.Release|Win32.ActiveCfg = Release|Win32
		{465CECC3-7505-42B2-A408-269CB9164E12}.Release|Win32.Build.0 = Release|Win32
		{2E5D7531-3E73-46A9-A41A-3933CF8EB7CE}.Debug|Win32.ActiveCfg = Debug|Win32
		{2E5D7531-3E73-46A9-A41A-3933CF8EB7CE}.Debug|Win32.Build.0 = Debug|Win32
		{2E5D7531-3E73-46A9-A41A-3933CF8EB7CE}.Release|Win32.ActiveCfg = Release|Win32
		{2E5D7531-3E73-46A9-A41A-3933CF8EB7CE}.Release|Win32.Build.0 = Release|Win32
		{5E5F918F-3AEB-4310-A3E3-69B1C8D2F330}.Debug|Win32.ActiveCfg = Debug|Win32
		{5E5F918F-3AEB-4310-A3E3-69B1C8D2F330}.Debug|Win32.Build.0 = Debug|Win32
		{5E5F918F-3AEB-4310-A3E3-69B1C8D2F330}.Release|Win32.ActiveCfg = Release|Win32
		{5E5F918F-3AEB-4310-A3E3-69B1C8D2F330}.Release|Win32.Build.0 = Release|Win32
	EndGlobalSection
	GlobalSection(SolutionProperties) = preSolution
		HideSolutionNode = FALSE
	EndGlobalSection
	GlobalSection(NestedProjects) = preSolution
		{05F2269B-CCCE-4846-A05D-3DEF41766517} = {A4BE56D2-FFF7-4859-852A-B02C627F112E}
		{3AE556A5-BB4D-4516-A8B5-67D38A059992} = {A4BE56D2-FFF7-4859-852A-B02C627F112E}
		{749B3354-0446-4E9F-8661-E4A0F5C86720} = {A4BE56D2-FFF7-4859-852A-B02C627F112E}
		{CECA5E93-AC12-40F3-8CC8-A56129842EBF} = {A4BE56D2-FFF7-4859-852A-B02C627F112E}
		{D59CE9D5-6B2A-42E1-B4B2-DF50CD753268} = {8D70276B-15A7-4725-817E-3C85CA86C914}
		{A68D69C7-63AE-4FE8-8125-C0F8E48F8123} = {8D70276B-15A7-4725-817E-3C85CA86C914}
		{4E670587-C255-4316-91D2-25E34BD9096C} = {8D70276B-15A7-4725-817E-3C85CA86C914}
		{B2AAC51D-ABE8-4D21-971F-50DBE28B7433} = {8D70276B-15A7-4725-817E-3C85CA86C914}
		{6DE3DE39-F072-4581-9E29-8F585364DDA1} = {8D70276B-15A7-4725-817E-3C85CA86C914}
		{68F84478-B1C3-494C-9F2D-FD2FC7FB1A27} = {934832BF-9EA8-4903-ABA9-7003A1E8C494}
		{C0EA22E2-4892-49BA-86D5-AFC41B54E2D2} = {934832BF-9EA8-4903-ABA9-7003A1E8C494}
		{E65BB52B-31C1-4817-B6B9-C764BC7D631A} = {934832BF-9EA8-4903-ABA9-7003A1E8C494}
		{ADB0A54B-D56F-4B40-85EE-7271478C15DA} = {934832BF-9EA8-4903-ABA9-7003A1E8C494}
		{7EA2ACB2-FD88-4CBD-8694-78912EA05919} = {1DE01A51-252E-45BF-967C-688FB9367D5C}
		{40D1C696-EA12-4E11-A649-31416DB15848} = {1DE01A51-252E-45BF-967C-688FB9367D5C}
		{A93D5340-6B31-45D7-BE9A-6A91583514F4} = {1DE01A51-252E-45BF-967C-688FB9367D5C}
		{85553A84-02F2-496D-A9A6-E6649166C3D2} = {1DE01A51-252E-45BF-967C-688FB9367D5C}
		{49C8A239-8194-48F1-9794-902C29714F4B} = {D503434D-139A-4686-A7BD-BF39B6B7B198}
		{465CECC3-7505-42B2-A408-269CB9164E12} = {D503434D-139A-4686-A7BD-BF39B6B7B198}
		{2E5D7531-3E73-46A9-A41A-3933CF8EB7CE} = {D503434D-139A-4686-A7BD-BF39B6B7B198}
		{5E5F918F-3AEB-4310-A3E3-69B1C8D2F330} = {D503434D-139A-4686-A7BD-BF39B6B7B198}
	EndGlobalSection
EndGlobal
